
Microsoft Visual Studio Solution File, Format Version 12.00
# Visual Studio 14
VisualStudioVersion = 14.0.22512.0
MinimumVisualStudioVersion = 10.0.40219.1
Project("{2150E333-8FDC-42A3-9474-1A3956D46DE8}") = "src", "src", "{D8448C75-2C46-4DAF-ACBD-DBEC9C6DF8DE}"
EndProject
Project("{8BB2217D-0F2D-49D1-97BC-3654ED321F3B}") = "TestTemplate", "src\TestTemplate\TestTemplate.kproj", "{50503391-EE15-44E4-95A3-74FD6B241724}"
EndProject
Project("{2150E333-8FDC-42A3-9474-1A3956D46DE8}") = "Solution Items", "Solution Items", "{240A0FF8-ED59-44EA-8478-5EEDD7541908}"
	ProjectSection(SolutionItems) = preProject
		global.json = global.json
	EndProjectSection
EndProject
Global
	GlobalSection(SolutionConfigurationPlatforms) = preSolution
		Debug|Any CPU = Debug|Any CPU
		Release|Any CPU = Release|Any CPU
	EndGlobalSection
	GlobalSection(ProjectConfigurationPlatforms) = postSolution
		{50503391-EE15-44E4-95A3-74FD6B241724}.Debug|Any CPU.ActiveCfg = Debug|Any CPU
		{50503391-EE15-44E4-95A3-74FD6B241724}.Debug|Any CPU.Build.0 = Debug|Any CPU
		{50503391-EE15-44E4-95A3-74FD6B241724}.Release|Any CPU.ActiveCfg = Release|Any CPU
		{50503391-EE15-44E4-95A3-74FD6B241724}.Release|Any CPU.Build.0 = Release|Any CPU
	EndGlobalSection
	GlobalSection(SolutionProperties) = preSolution
		HideSolutionNode = FALSE
	EndGlobalSection
	GlobalSection(NestedProjects) = preSolution
		{50503391-EE15-44E4-95A3-74FD6B241724} = {D8448C75-2C46-4DAF-ACBD-DBEC9C6DF8DE}
	EndGlobalSection
EndGlobal
